{
  "name": "@nickfouf/conduit-js",
  "version": "1.0.12",
  "lockfileVersion": 3,
  "requires": true,
  "packages": {
    "": {
      "name": "@nickfouf/conduit-js",
      "version": "1.0.12",
      "license": "MIT",
      "dependencies": {
        "@nickfouf/conduit-js": "^1.0.10"
      }
    },
    "node_modules/@nickfouf/conduit-js": {
      "version": "1.0.10",
      "resolved": "https://registry.npmjs.org/@nickfouf/conduit-js/-/conduit-js-1.0.10.tgz",
      "integrity": "sha512-/GrzScL+dqHCs5uU4quEr/u0TexugLGS5nwr9XlaqiKz0jngTsYSPMwCkQO5cBI47D6+W9nE4Wl4DLkLpCqThw==",
      "license": "MIT"
    }
  }
}
